
Microsoft Visual Studio Solution File, Format Version 12.00
# Visual Studio Version 17
VisualStudioVersion = 17.8.34330.188
MinimumVisualStudioVersion = 10.0.40219.1
Project("{FAE04EC0-301F-11D3-BF4B-00C04F79EFBC}") = "MeetingReservation", "MeetingReservation\MeetingReservation.csproj", "{0077A3BD-CCA5-4F73-86F3-56AB64F3C9DC}"
EndProject
Project("{FAE04EC0-301F-11D3-BF4B-00C04F79EFBC}") = "MeetingReservation.Base", "MeetingReservation.Base\MeetingReservation.Base.csproj", "{54857016-87E3-4879-89DC-D266007278A8}"
EndProject
Project("{FAE04EC0-301F-11D3-BF4B-00C04F79EFBC}") = "MeetingReservation.Data", "MeetingReservation.Data\MeetingReservation.Data.csproj", "{80E706C9-E111-4D64-8F8E-F80856F7DB5D}"
EndProject
Global
	GlobalSection(SolutionConfigurationPlatforms) = preSolution
		Debug|Any CPU = Debug|Any CPU
		Release|Any CPU = Release|Any CPU
	EndGlobalSection
	GlobalSection(ProjectConfigurationPlatforms) = postSolution
		{0077A3BD-CCA5-4F73-86F3-56AB64F3C9DC}.Debug|Any CPU.ActiveCfg = Debug|Any CPU
		{0077A3BD-CCA5-4F73-86F3-56AB64F3C9DC}.Debug|Any CPU.Build.0 = Debug|Any CPU
		{0077A3BD-CCA5-4F73-86F3-56AB64F3C9DC}.Release|Any CPU.ActiveCfg = Release|Any CPU
		{0077A3BD-CCA5-4F73-86F3-56AB64F3C9DC}.Release|Any CPU.Build.0 = Release|Any CPU
		{54857016-87E3-4879-89DC-D266007278A8}.Debug|Any CPU.ActiveCfg = Debug|Any CPU
		{54857016-87E3-4879-89DC-D266007278A8}.Debug|Any CPU.Build.0 = Debug|Any CPU
		{54857016-87E3-4879-89DC-D266007278A8}.Release|Any CPU.ActiveCfg = Release|Any CPU
		{54857016-87E3-4879-89DC-D266007278A8}.Release|Any CPU.Build.0 = Release|Any CPU
		{80E706C9-E111-4D64-8F8E-F80856F7DB5D}.Debug|Any CPU.ActiveCfg = Debug|Any CPU
		{80E706C9-E111-4D64-8F8E-F80856F7DB5D}.Debug|Any CPU.Build.0 = Debug|Any CPU
		{80E706C9-E111-4D64-8F8E-F80856F7DB5D}.Release|Any CPU.ActiveCfg = Release|Any CPU
		{80E706C9-E111-4D64-8F8E-F80856F7DB5D}.Release|Any CPU.Build.0 = Release|Any CPU
	EndGlobalSection
	GlobalSection(SolutionProperties) = preSolution
		HideSolutionNode = FALSE
	EndGlobalSection
	GlobalSection(ExtensibilityGlobals) = postSolution
		SolutionGuid = {1C5A30AD-D7CA-4878-9EEA-87DBD36CABD2}
	EndGlobalSection
EndGlobal
